
Microsoft Visual Studio Solution File, Format Version 12.00
# Visual Studio 15
VisualStudioVersion = 15.0.27703.2042
MinimumVisualStudioVersion = 10.0.40219.1
Project("{FAE04EC0-301F-11D3-BF4B-00C04F79EFBC}") = "execl_tool", "execl_tool\execl_tool.csproj", "{16D87126-8BFB-4487-BAC7-BD7FFA4D9AC7}"
EndProject
Global
	GlobalSection(SolutionConfigurationPlatforms) = preSolution
		Debug|Any CPU = Debug|Any CPU
		Release|Any CPU = Release|Any CPU
	EndGlobalSection
	GlobalSection(ProjectConfigurationPlatforms) = postSolution
		{16D87126-8BFB-4487-BAC7-BD7FFA4D9AC7}.Debug|Any CPU.ActiveCfg = Debug|Any CPU
		{16D87126-8BFB-4487-BAC7-BD7FFA4D9AC7}.Debug|Any CPU.Build.0 = Debug|Any CPU
		{16D87126-8BFB-4487-BAC7-BD7FFA4D9AC7}.Release|Any CPU.ActiveCfg = Release|Any CPU
		{16D87126-8BFB-4487-BAC7-BD7FFA4D9AC7}.Release|Any CPU.Build.0 = Release|Any CPU
	EndGlobalSection
	GlobalSection(SolutionProperties) = preSolution
		HideSolutionNode = FALSE
	EndGlobalSection
	GlobalSection(ExtensibilityGlobals) = postSolution
		SolutionGuid = {20FD9ED2-91CE-4D85-A99E-B18FD8BAA776}
	EndGlobalSection
EndGlobal
